
Microsoft Visual Studio Solution File, Format Version 12.00
# Visual Studio Version 16
VisualStudioVersion = 16.0.28803.156
MinimumVisualStudioVersion = 10.0.40219.1
Project("{9A19103F-16F7-4668-BE54-9A1E7A4F7556}") = "StockAlerts.Functions", "StockAlerts.Functions\StockAlerts.Functions.csproj", "{37EB4D15-C652-40F1-B2F2-6E856530494E}"
EndProject
Project("{9A19103F-16F7-4668-BE54-9A1E7A4F7556}") = "StockAlerts.Domain", "StockAlerts.Domain\StockAlerts.Domain.csproj", "{DBD1E3B8-DC0C-4BA4-B11C-C168E6222E0E}"
EndProject
Project("{9A19103F-16F7-4668-BE54-9A1E7A4F7556}") = "StockAlerts.Data", "StockAlerts.Data\StockAlerts.Data.csproj", "{6EA90AB7-2143-4925-A5EB-084FD42B58BF}"
EndProject
Project("{FAE04EC0-301F-11D3-BF4B-00C04F79EFBC}") = "StockAlerts.DataProviders.Intrinio", "StockAlerts.DataProviders.Intrinio\StockAlerts.DataProviders.Intrinio.csproj", "{0B1D8E65-B933-4BC9-998D-F710190E20B5}"
EndProject
Project("{2150E333-8FDC-42A3-9474-1A3956D46DE8}") = "Tests", "Tests", "{5F2B71C9-14B2-4468-A898-DB012391DE01}"
EndProject
Project("{FAE04EC0-301F-11D3-BF4B-00C04F79EFBC}") = "StockAlerts.Data.Tests.Unit", "StockAlerts.Data.Tests.Unit\StockAlerts.Data.Tests.Unit.csproj", "{E4883826-70F9-4828-AA33-FDAA2B31CC4A}"
EndProject
Project("{FAE04EC0-301F-11D3-BF4B-00C04F79EFBC}") = "StockAlerts.Domain.Tests.Unit", "StockAlerts.Domain.Tests.Unit\StockAlerts.Domain.Tests.Unit.csproj", "{61962B11-17EF-4B54-A2C7-86EF411CBF9A}"
EndProject
Global
	GlobalSection(SolutionConfigurationPlatforms) = preSolution
		Debug|Any CPU = Debug|Any CPU
		Release|Any CPU = Release|Any CPU
	EndGlobalSection
	GlobalSection(ProjectConfigurationPlatforms) = postSolution
		{37EB4D15-C652-40F1-B2F2-6E856530494E}.Debug|Any CPU.ActiveCfg = Debug|Any CPU
		{37EB4D15-C652-40F1-B2F2-6E856530494E}.Debug|Any CPU.Build.0 = Debug|Any CPU
		{37EB4D15-C652-40F1-B2F2-6E856530494E}.Release|Any CPU.ActiveCfg = Release|Any CPU
		{37EB4D15-C652-40F1-B2F2-6E856530494E}.Release|Any CPU.Build.0 = Release|Any CPU
		{DBD1E3B8-DC0C-4BA4-B11C-C168E6222E0E}.Debug|Any CPU.ActiveCfg = Debug|Any CPU
		{DBD1E3B8-DC0C-4BA4-B11C-C168E6222E0E}.Debug|Any CPU.Build.0 = Debug|Any CPU
		{DBD1E3B8-DC0C-4BA4-B11C-C168E6222E0E}.Release|Any CPU.ActiveCfg = Release|Any CPU
		{DBD1E3B8-DC0C-4BA4-B11C-C168E6222E0E}.Release|Any CPU.Build.0 = Release|Any CPU
		{6EA90AB7-2143-4925-A5EB-084FD42B58BF}.Debug|Any CPU.ActiveCfg = Debug|Any CPU
		{6EA90AB7-2143-4925-A5EB-084FD42B58BF}.Debug|Any CPU.Build.0 = Debug|Any CPU
		{6EA90AB7-2143-4925-A5EB-084FD42B58BF}.Release|Any CPU.ActiveCfg = Release|Any CPU
		{6EA90AB7-2143-4925-A5EB-084FD42B58BF}.Release|Any CPU.Build.0 = Release|Any CPU
		{0B1D8E65-B933-4BC9-998D-F710190E20B5}.Debug|Any CPU.ActiveCfg = Debug|Any CPU
		{0B1D8E65-B933-4BC9-998D-F710190E20B5}.Debug|Any CPU.Build.0 = Debug|Any CPU
		{0B1D8E65-B933-4BC9-998D-F710190E20B5}.Release|Any CPU.ActiveCfg = Release|Any CPU
		{0B1D8E65-B933-4BC9-998D-F710190E20B5}.Release|Any CPU.Build.0 = Release|Any CPU
		{E4883826-70F9-4828-AA33-FDAA2B31CC4A}.Debug|Any CPU.ActiveCfg = Debug|Any CPU
		{E4883826-70F9-4828-AA33-FDAA2B31CC4A}.Debug|Any CPU.Build.0 = Debug|Any CPU
		{E4883826-70F9-4828-AA33-FDAA2B31CC4A}.Release|Any CPU.ActiveCfg = Release|Any CPU
		{E4883826-70F9-4828-AA33-FDAA2B31CC4A}.Release|Any CPU.Build.0 = Release|Any CPU
		{61962B11-17EF-4B54-A2C7-86EF411CBF9A}.Debug|Any CPU.ActiveCfg = Debug|Any CPU
		{61962B11-17EF-4B54-A2C7-86EF411CBF9A}.Debug|Any CPU.Build.0 = Debug|Any CPU
		{61962B11-17EF-4B54-A2C7-86EF411CBF9A}.Release|Any CPU.ActiveCfg = Release|Any CPU
		{61962B11-17EF-4B54-A2C7-86EF411CBF9A}.Release|Any CPU.Build.0 = Release|Any CPU
	EndGlobalSection
	GlobalSection(SolutionProperties) = preSolution
		HideSolutionNode = FALSE
	EndGlobalSection
	GlobalSection(NestedProjects) = preSolution
		{E4883826-70F9-4828-AA33-FDAA2B31CC4A} = {5F2B71C9-14B2-4468-A898-DB012391DE01}
		{61962B11-17EF-4B54-A2C7-86EF411CBF9A} = {5F2B71C9-14B2-4468-A898-DB012391DE01}
	EndGlobalSection
	GlobalSection(ExtensibilityGlobals) = postSolution
		SolutionGuid = {94E2B22F-E218-41F4-BF9B-8CEFA4A8F7F0}
	EndGlobalSection
EndGlobal
