
Microsoft Visual Studio Solution File, Format Version 12.00
# Visual Studio Version 16
VisualStudioVersion = 16.0.28803.156
MinimumVisualStudioVersion = 10.0.40219.1
Project("{9A19103F-16F7-4668-BE54-9A1E7A4F7556}") = "StockAlerts.Functions", "StockAlerts.Functions\StockAlerts.Functions.csproj", "{37EB4D15-C652-40F1-B2F2-6E856530494E}"
EndProject
Project("{9A19103F-16F7-4668-BE54-9A1E7A4F7556}") = "StockAlerts.Domain", "StockAlerts.Domain\StockAlerts.Domain.csproj", "{DBD1E3B8-DC0C-4BA4-B11C-C168E6222E0E}"
EndProject
Project("{9A19103F-16F7-4668-BE54-9A1E7A4F7556}") = "StockAlerts.Data", "StockAlerts.Data\StockAlerts.Data.csproj", "{6EA90AB7-2143-4925-A5EB-084FD42B58BF}"
EndProject
Project("{9A19103F-16F7-4668-BE54-9A1E7A4F7556}") = "StockAlerts.DataProviders.Intrinio", "StockAlerts.DataProviders.Intrinio\StockAlerts.DataProviders.Intrinio.csproj", "{0B1D8E65-B933-4BC9-998D-F710190E20B5}"
EndProject
Project("{2150E333-8FDC-42A3-9474-1A3956D46DE8}") = "Tests", "Tests", "{5F2B71C9-14B2-4468-A898-DB012391DE01}"
EndProject
Project("{9A19103F-16F7-4668-BE54-9A1E7A4F7556}") = "StockAlerts.Data.Tests.Unit", "StockAlerts.Data.Tests.Unit\StockAlerts.Data.Tests.Unit.csproj", "{E4883826-70F9-4828-AA33-FDAA2B31CC4A}"
EndProject
Project("{9A19103F-16F7-4668-BE54-9A1E7A4F7556}") = "StockAlerts.Domain.Tests.Unit", "StockAlerts.Domain.Tests.Unit\StockAlerts.Domain.Tests.Unit.csproj", "{61962B11-17EF-4B54-A2C7-86EF411CBF9A}"
EndProject
Project("{9A19103F-16F7-4668-BE54-9A1E7A4F7556}") = "StockAlerts.Resources", "StockAlerts.Resources\StockAlerts.Resources.csproj", "{77E6C68C-5B7E-47C0-B440-43A301651F91}"
EndProject
Project("{2150E333-8FDC-42A3-9474-1A3956D46DE8}") = "API", "API", "{002CDBC5-8ED2-404A-B6E0-DC833F4C586F}"
EndProject
Project("{9A19103F-16F7-4668-BE54-9A1E7A4F7556}") = "StockAlerts.Core", "StockAlerts.Core\StockAlerts.Core.csproj", "{61A548B6-1938-459F-811A-F8D12A001E41}"
EndProject
Global
	GlobalSection(SolutionConfigurationPlatforms) = preSolution
		Debug|Any CPU = Debug|Any CPU
		Debug|iPhone = Debug|iPhone
		Debug|iPhoneSimulator = Debug|iPhoneSimulator
		Release|Any CPU = Release|Any CPU
		Release|iPhone = Release|iPhone
		Release|iPhoneSimulator = Release|iPhoneSimulator
	EndGlobalSection
	GlobalSection(ProjectConfigurationPlatforms) = postSolution
		{37EB4D15-C652-40F1-B2F2-6E856530494E}.Debug|Any CPU.ActiveCfg = Debug|Any CPU
		{37EB4D15-C652-40F1-B2F2-6E856530494E}.Debug|Any CPU.Build.0 = Debug|Any CPU
		{37EB4D15-C652-40F1-B2F2-6E856530494E}.Debug|iPhone.ActiveCfg = Debug|Any CPU
		{37EB4D15-C652-40F1-B2F2-6E856530494E}.Debug|iPhone.Build.0 = Debug|Any CPU
		{37EB4D15-C652-40F1-B2F2-6E856530494E}.Debug|iPhoneSimulator.ActiveCfg = Debug|Any CPU
		{37EB4D15-C652-40F1-B2F2-6E856530494E}.Debug|iPhoneSimulator.Build.0 = Debug|Any CPU
		{37EB4D15-C652-40F1-B2F2-6E856530494E}.Release|Any CPU.ActiveCfg = Release|Any CPU
		{37EB4D15-C652-40F1-B2F2-6E856530494E}.Release|Any CPU.Build.0 = Release|Any CPU
		{37EB4D15-C652-40F1-B2F2-6E856530494E}.Release|iPhone.ActiveCfg = Release|Any CPU
		{37EB4D15-C652-40F1-B2F2-6E856530494E}.Release|iPhone.Build.0 = Release|Any CPU
		{37EB4D15-C652-40F1-B2F2-6E856530494E}.Release|iPhoneSimulator.ActiveCfg = Release|Any CPU
		{37EB4D15-C652-40F1-B2F2-6E856530494E}.Release|iPhoneSimulator.Build.0 = Release|Any CPU
		{DBD1E3B8-DC0C-4BA4-B11C-C168E6222E0E}.Debug|Any CPU.ActiveCfg = Debug|Any CPU
		{DBD1E3B8-DC0C-4BA4-B11C-C168E6222E0E}.Debug|Any CPU.Build.0 = Debug|Any CPU
		{DBD1E3B8-DC0C-4BA4-B11C-C168E6222E0E}.Debug|iPhone.ActiveCfg = Debug|Any CPU
		{DBD1E3B8-DC0C-4BA4-B11C-C168E6222E0E}.Debug|iPhone.Build.0 = Debug|Any CPU
		{DBD1E3B8-DC0C-4BA4-B11C-C168E6222E0E}.Debug|iPhoneSimulator.ActiveCfg = Debug|Any CPU
		{DBD1E3B8-DC0C-4BA4-B11C-C168E6222E0E}.Debug|iPhoneSimulator.Build.0 = Debug|Any CPU
		{DBD1E3B8-DC0C-4BA4-B11C-C168E6222E0E}.Release|Any CPU.ActiveCfg = Release|Any CPU
		{DBD1E3B8-DC0C-4BA4-B11C-C168E6222E0E}.Release|Any CPU.Build.0 = Release|Any CPU
		{DBD1E3B8-DC0C-4BA4-B11C-C168E6222E0E}.Release|iPhone.ActiveCfg = Release|Any CPU
		{DBD1E3B8-DC0C-4BA4-B11C-C168E6222E0E}.Release|iPhone.Build.0 = Release|Any CPU
		{DBD1E3B8-DC0C-4BA4-B11C-C168E6222E0E}.Release|iPhoneSimulator.ActiveCfg = Release|Any CPU
		{DBD1E3B8-DC0C-4BA4-B11C-C168E6222E0E}.Release|iPhoneSimulator.Build.0 = Release|Any CPU
		{6EA90AB7-2143-4925-A5EB-084FD42B58BF}.Debug|Any CPU.ActiveCfg = Debug|Any CPU
		{6EA90AB7-2143-4925-A5EB-084FD42B58BF}.Debug|Any CPU.Build.0 = Debug|Any CPU
		{6EA90AB7-2143-4925-A5EB-084FD42B58BF}.Debug|iPhone.ActiveCfg = Debug|Any CPU
		{6EA90AB7-2143-4925-A5EB-084FD42B58BF}.Debug|iPhone.Build.0 = Debug|Any CPU
		{6EA90AB7-2143-4925-A5EB-084FD42B58BF}.Debug|iPhoneSimulator.ActiveCfg = Debug|Any CPU
		{6EA90AB7-2143-4925-A5EB-084FD42B58BF}.Debug|iPhoneSimulator.Build.0 = Debug|Any CPU
		{6EA90AB7-2143-4925-A5EB-084FD42B58BF}.Release|Any CPU.ActiveCfg = Release|Any CPU
		{6EA90AB7-2143-4925-A5EB-084FD42B58BF}.Release|Any CPU.Build.0 = Release|Any CPU
		{6EA90AB7-2143-4925-A5EB-084FD42B58BF}.Release|iPhone.ActiveCfg = Release|Any CPU
		{6EA90AB7-2143-4925-A5EB-084FD42B58BF}.Release|iPhone.Build.0 = Release|Any CPU
		{6EA90AB7-2143-4925-A5EB-084FD42B58BF}.Release|iPhoneSimulator.ActiveCfg = Release|Any CPU
		{6EA90AB7-2143-4925-A5EB-084FD42B58BF}.Release|iPhoneSimulator.Build.0 = Release|Any CPU
		{0B1D8E65-B933-4BC9-998D-F710190E20B5}.Debug|Any CPU.ActiveCfg = Debug|Any CPU
		{0B1D8E65-B933-4BC9-998D-F710190E20B5}.Debug|Any CPU.Build.0 = Debug|Any CPU
		{0B1D8E65-B933-4BC9-998D-F710190E20B5}.Debug|iPhone.ActiveCfg = Debug|Any CPU
		{0B1D8E65-B933-4BC9-998D-F710190E20B5}.Debug|iPhone.Build.0 = Debug|Any CPU
		{0B1D8E65-B933-4BC9-998D-F710190E20B5}.Debug|iPhoneSimulator.ActiveCfg = Debug|Any CPU
		{0B1D8E65-B933-4BC9-998D-F710190E20B5}.Debug|iPhoneSimulator.Build.0 = Debug|Any CPU
		{0B1D8E65-B933-4BC9-998D-F710190E20B5}.Release|Any CPU.ActiveCfg = Release|Any CPU
		{0B1D8E65-B933-4BC9-998D-F710190E20B5}.Release|Any CPU.Build.0 = Release|Any CPU
		{0B1D8E65-B933-4BC9-998D-F710190E20B5}.Release|iPhone.ActiveCfg = Release|Any CPU
		{0B1D8E65-B933-4BC9-998D-F710190E20B5}.Release|iPhone.Build.0 = Release|Any CPU
		{0B1D8E65-B933-4BC9-998D-F710190E20B5}.Release|iPhoneSimulator.ActiveCfg = Release|Any CPU
		{0B1D8E65-B933-4BC9-998D-F710190E20B5}.Release|iPhoneSimulator.Build.0 = Release|Any CPU
		{E4883826-70F9-4828-AA33-FDAA2B31CC4A}.Debug|Any CPU.ActiveCfg = Debug|Any CPU
		{E4883826-70F9-4828-AA33-FDAA2B31CC4A}.Debug|Any CPU.Build.0 = Debug|Any CPU
		{E4883826-70F9-4828-AA33-FDAA2B31CC4A}.Debug|iPhone.ActiveCfg = Debug|Any CPU
		{E4883826-70F9-4828-AA33-FDAA2B31CC4A}.Debug|iPhone.Build.0 = Debug|Any CPU
		{E4883826-70F9-4828-AA33-FDAA2B31CC4A}.Debug|iPhoneSimulator.ActiveCfg = Debug|Any CPU
		{E4883826-70F9-4828-AA33-FDAA2B31CC4A}.Debug|iPhoneSimulator.Build.0 = Debug|Any CPU
		{E4883826-70F9-4828-AA33-FDAA2B31CC4A}.Release|Any CPU.ActiveCfg = Release|Any CPU
		{E4883826-70F9-4828-AA33-FDAA2B31CC4A}.Release|Any CPU.Build.0 = Release|Any CPU
		{E4883826-70F9-4828-AA33-FDAA2B31CC4A}.Release|iPhone.ActiveCfg = Release|Any CPU
		{E4883826-70F9-4828-AA33-FDAA2B31CC4A}.Release|iPhone.Build.0 = Release|Any CPU
		{E4883826-70F9-4828-AA33-FDAA2B31CC4A}.Release|iPhoneSimulator.ActiveCfg = Release|Any CPU
		{E4883826-70F9-4828-AA33-FDAA2B31CC4A}.Release|iPhoneSimulator.Build.0 = Release|Any CPU
		{61962B11-17EF-4B54-A2C7-86EF411CBF9A}.Debug|Any CPU.ActiveCfg = Debug|Any CPU
		{61962B11-17EF-4B54-A2C7-86EF411CBF9A}.Debug|Any CPU.Build.0 = Debug|Any CPU
		{61962B11-17EF-4B54-A2C7-86EF411CBF9A}.Debug|iPhone.ActiveCfg = Debug|Any CPU
		{61962B11-17EF-4B54-A2C7-86EF411CBF9A}.Debug|iPhone.Build.0 = Debug|Any CPU
		{61962B11-17EF-4B54-A2C7-86EF411CBF9A}.Debug|iPhoneSimulator.ActiveCfg = Debug|Any CPU
		{61962B11-17EF-4B54-A2C7-86EF411CBF9A}.Debug|iPhoneSimulator.Build.0 = Debug|Any CPU
		{61962B11-17EF-4B54-A2C7-86EF411CBF9A}.Release|Any CPU.ActiveCfg = Release|Any CPU
		{61962B11-17EF-4B54-A2C7-86EF411CBF9A}.Release|Any CPU.Build.0 = Release|Any CPU
		{61962B11-17EF-4B54-A2C7-86EF411CBF9A}.Release|iPhone.ActiveCfg = Release|Any CPU
		{61962B11-17EF-4B54-A2C7-86EF411CBF9A}.Release|iPhone.Build.0 = Release|Any CPU
		{61962B11-17EF-4B54-A2C7-86EF411CBF9A}.Release|iPhoneSimulator.ActiveCfg = Release|Any CPU
		{61962B11-17EF-4B54-A2C7-86EF411CBF9A}.Release|iPhoneSimulator.Build.0 = Release|Any CPU
		{77E6C68C-5B7E-47C0-B440-43A301651F91}.Debug|Any CPU.ActiveCfg = Debug|Any CPU
		{77E6C68C-5B7E-47C0-B440-43A301651F91}.Debug|Any CPU.Build.0 = Debug|Any CPU
		{77E6C68C-5B7E-47C0-B440-43A301651F91}.Debug|iPhone.ActiveCfg = Debug|Any CPU
		{77E6C68C-5B7E-47C0-B440-43A301651F91}.Debug|iPhone.Build.0 = Debug|Any CPU
		{77E6C68C-5B7E-47C0-B440-43A301651F91}.Debug|iPhoneSimulator.ActiveCfg = Debug|Any CPU
		{77E6C68C-5B7E-47C0-B440-43A301651F91}.Debug|iPhoneSimulator.Build.0 = Debug|Any CPU
		{77E6C68C-5B7E-47C0-B440-43A301651F91}.Release|Any CPU.ActiveCfg = Release|Any CPU
		{77E6C68C-5B7E-47C0-B440-43A301651F91}.Release|Any CPU.Build.0 = Release|Any CPU
		{77E6C68C-5B7E-47C0-B440-43A301651F91}.Release|iPhone.ActiveCfg = Release|Any CPU
		{77E6C68C-5B7E-47C0-B440-43A301651F91}.Release|iPhone.Build.0 = Release|Any CPU
		{77E6C68C-5B7E-47C0-B440-43A301651F91}.Release|iPhoneSimulator.ActiveCfg = Release|Any CPU
		{77E6C68C-5B7E-47C0-B440-43A301651F91}.Release|iPhoneSimulator.Build.0 = Release|Any CPU
		{61A548B6-1938-459F-811A-F8D12A001E41}.Debug|Any CPU.ActiveCfg = Debug|Any CPU
		{61A548B6-1938-459F-811A-F8D12A001E41}.Debug|Any CPU.Build.0 = Debug|Any CPU
		{61A548B6-1938-459F-811A-F8D12A001E41}.Debug|iPhone.ActiveCfg = Debug|Any CPU
		{61A548B6-1938-459F-811A-F8D12A001E41}.Debug|iPhone.Build.0 = Debug|Any CPU
		{61A548B6-1938-459F-811A-F8D12A001E41}.Debug|iPhoneSimulator.ActiveCfg = Debug|Any CPU
		{61A548B6-1938-459F-811A-F8D12A001E41}.Debug|iPhoneSimulator.Build.0 = Debug|Any CPU
		{61A548B6-1938-459F-811A-F8D12A001E41}.Release|Any CPU.ActiveCfg = Release|Any CPU
		{61A548B6-1938-459F-811A-F8D12A001E41}.Release|Any CPU.Build.0 = Release|Any CPU
		{61A548B6-1938-459F-811A-F8D12A001E41}.Release|iPhone.ActiveCfg = Release|Any CPU
		{61A548B6-1938-459F-811A-F8D12A001E41}.Release|iPhone.Build.0 = Release|Any CPU
		{61A548B6-1938-459F-811A-F8D12A001E41}.Release|iPhoneSimulator.ActiveCfg = Release|Any CPU
		{61A548B6-1938-459F-811A-F8D12A001E41}.Release|iPhoneSimulator.Build.0 = Release|Any CPU
	EndGlobalSection
	GlobalSection(SolutionProperties) = preSolution
		HideSolutionNode = FALSE
	EndGlobalSection
	GlobalSection(NestedProjects) = preSolution
		{37EB4D15-C652-40F1-B2F2-6E856530494E} = {002CDBC5-8ED2-404A-B6E0-DC833F4C586F}
		{DBD1E3B8-DC0C-4BA4-B11C-C168E6222E0E} = {002CDBC5-8ED2-404A-B6E0-DC833F4C586F}
		{6EA90AB7-2143-4925-A5EB-084FD42B58BF} = {002CDBC5-8ED2-404A-B6E0-DC833F4C586F}
		{0B1D8E65-B933-4BC9-998D-F710190E20B5} = {002CDBC5-8ED2-404A-B6E0-DC833F4C586F}
		{E4883826-70F9-4828-AA33-FDAA2B31CC4A} = {5F2B71C9-14B2-4468-A898-DB012391DE01}
		{61962B11-17EF-4B54-A2C7-86EF411CBF9A} = {5F2B71C9-14B2-4468-A898-DB012391DE01}
		{77E6C68C-5B7E-47C0-B440-43A301651F91} = {002CDBC5-8ED2-404A-B6E0-DC833F4C586F}
		{61A548B6-1938-459F-811A-F8D12A001E41} = {002CDBC5-8ED2-404A-B6E0-DC833F4C586F}
	EndGlobalSection
	GlobalSection(ExtensibilityGlobals) = postSolution
		SolutionGuid = {94E2B22F-E218-41F4-BF9B-8CEFA4A8F7F0}
	EndGlobalSection
EndGlobal
